
Microsoft Visual Studio Solution File, Format Version 12.00
# Visual Studio Version 17
VisualStudioVersion = 17.1.32319.34
MinimumVisualStudioVersion = 10.0.40219.1
Project("{FAE04EC0-301F-11D3-BF4B-00C04F79EFBC}") = "GreutateIdeala", "GreutateIdeala\GreutateIdeala.csproj", "{8EAF48D6-2BDA-4488-8D5E-902F9455B9BB}"
EndProject
Global
	GlobalSection(SolutionConfigurationPlatforms) = preSolution
		Debug|Any CPU = Debug|Any CPU
		Release|Any CPU = Release|Any CPU
	EndGlobalSection
	GlobalSection(ProjectConfigurationPlatforms) = postSolution
		{8EAF48D6-2BDA-4488-8D5E-902F9455B9BB}.Debug|Any CPU.ActiveCfg = Debug|Any CPU
		{8EAF48D6-2BDA-4488-8D5E-902F9455B9BB}.Debug|Any CPU.Build.0 = Debug|Any CPU
		{8EAF48D6-2BDA-4488-8D5E-902F9455B9BB}.Release|Any CPU.ActiveCfg = Release|Any CPU
		{8EAF48D6-2BDA-4488-8D5E-902F9455B9BB}.Release|Any CPU.Build.0 = Release|Any CPU
	EndGlobalSection
	GlobalSection(SolutionProperties) = preSolution
		HideSolutionNode = FALSE
	EndGlobalSection
	GlobalSection(ExtensibilityGlobals) = postSolution
		SolutionGuid = {5AC97DA1-97EF-415C-B0D6-2241490C9BCE}
	EndGlobalSection
EndGlobal
